{
    "requires": true,
    "lockfileVersion": 1,
    "dependencies": {
        "@coreui/icons": {
            "version": "1.0.1",
            "resolved": "https://registry.npmjs.org/@coreui/icons/-/icons-1.0.1.tgz",
            "integrity": "sha512-DAlvdHRC+HHecdy52vskbNzNKEpu6wHDvSlsHGrwOqNxQl1YLhGEtqAW4sKpyVE3GgysNCywUWZGFlLp8I3LgA=="
        },
        "mdbootstrap": {
            "version": "4.19.1",
            "resolved": "https://registry.npmjs.org/mdbootstrap/-/mdbootstrap-4.19.1.tgz",
            "integrity": "sha512-vzYd7UQ0H1tyJfDqCYwsAv+sxol/xRkJP/5FMhcdW3ZbN9xUnmWiSPHx3A6ddGxdOQbfJTWxT3G8M+I++Qdk6w=="
        }
    }
}
